
Microsoft Visual Studio Solution File, Format Version 12.00
# Visual Studio Version 16
VisualStudioVersion = 16.0.30717.126
MinimumVisualStudioVersion = 10.0.40219.1
Project("{9A19103F-16F7-4668-BE54-9A1E7A4F7556}") = "MMapper.Application", "MMapper.Application\MMapper.Application.csproj", "{78E531DA-E1E6-4CA4-B9CD-9ACDCB467A04}"
EndProject
Project("{9A19103F-16F7-4668-BE54-9A1E7A4F7556}") = "MMapper.Tests", "MMapper.Tests\MMapper.Tests.csproj", "{4AFB467E-EA32-413E-98C4-852F20F4AB4F}"
EndProject
Global
	GlobalSection(SolutionConfigurationPlatforms) = preSolution
		Debug|Any CPU = Debug|Any CPU
		Release|Any CPU = Release|Any CPU
	EndGlobalSection
	GlobalSection(ProjectConfigurationPlatforms) = postSolution
		{78E531DA-E1E6-4CA4-B9CD-9ACDCB467A04}.Debug|Any CPU.ActiveCfg = Debug|Any CPU
		{78E531DA-E1E6-4CA4-B9CD-9ACDCB467A04}.Debug|Any CPU.Build.0 = Debug|Any CPU
		{78E531DA-E1E6-4CA4-B9CD-9ACDCB467A04}.Release|Any CPU.ActiveCfg = Release|Any CPU
		{78E531DA-E1E6-4CA4-B9CD-9ACDCB467A04}.Release|Any CPU.Build.0 = Release|Any CPU
		{4AFB467E-EA32-413E-98C4-852F20F4AB4F}.Debug|Any CPU.ActiveCfg = Debug|Any CPU
		{4AFB467E-EA32-413E-98C4-852F20F4AB4F}.Debug|Any CPU.Build.0 = Debug|Any CPU
		{4AFB467E-EA32-413E-98C4-852F20F4AB4F}.Release|Any CPU.ActiveCfg = Release|Any CPU
		{4AFB467E-EA32-413E-98C4-852F20F4AB4F}.Release|Any CPU.Build.0 = Release|Any CPU
	EndGlobalSection
	GlobalSection(SolutionProperties) = preSolution
		HideSolutionNode = FALSE
	EndGlobalSection
	GlobalSection(ExtensibilityGlobals) = postSolution
		SolutionGuid = {ADDCF101-E4C7-4A5E-849A-CE3056A72B5D}
	EndGlobalSection
EndGlobal
