
Microsoft Visual Studio Solution File, Format Version 12.00
# Visual Studio Version 16
VisualStudioVersion = 16.0.30717.126
MinimumVisualStudioVersion = 10.0.40219.1
Project("{FAE04EC0-301F-11D3-BF4B-00C04F79EFBC}") = "MMapper.Application", "MMapper.Application\MMapper.Application.csproj", "{78E531DA-E1E6-4CA4-B9CD-9ACDCB467A04}"
EndProject
Project("{FAE04EC0-301F-11D3-BF4B-00C04F79EFBC}") = "MMapper.Tests", "MMapper.Tests\MMapper.Tests.csproj", "{4AFB467E-EA32-413E-98C4-852F20F4AB4F}"
EndProject
Project("{FAE04EC0-301F-11D3-BF4B-00C04F79EFBC}") = "MMapper.TestConsole", "MMapper.TestConsole\MMapper.TestConsole.csproj", "{BFC14AAD-80C6-4D5A-9F25-010B31E2B96B}"
EndProject
Global
	GlobalSection(SolutionConfigurationPlatforms) = preSolution
		Debug|Any CPU = Debug|Any CPU
		Release|Any CPU = Release|Any CPU
	EndGlobalSection
	GlobalSection(ProjectConfigurationPlatforms) = postSolution
		{78E531DA-E1E6-4CA4-B9CD-9ACDCB467A04}.Debug|Any CPU.ActiveCfg = Debug|Any CPU
		{78E531DA-E1E6-4CA4-B9CD-9ACDCB467A04}.Debug|Any CPU.Build.0 = Debug|Any CPU
		{78E531DA-E1E6-4CA4-B9CD-9ACDCB467A04}.Release|Any CPU.ActiveCfg = Release|Any CPU
		{78E531DA-E1E6-4CA4-B9CD-9ACDCB467A04}.Release|Any CPU.Build.0 = Release|Any CPU
		{4AFB467E-EA32-413E-98C4-852F20F4AB4F}.Debug|Any CPU.ActiveCfg = Debug|Any CPU
		{4AFB467E-EA32-413E-98C4-852F20F4AB4F}.Debug|Any CPU.Build.0 = Debug|Any CPU
		{4AFB467E-EA32-413E-98C4-852F20F4AB4F}.Release|Any CPU.ActiveCfg = Release|Any CPU
		{4AFB467E-EA32-413E-98C4-852F20F4AB4F}.Release|Any CPU.Build.0 = Release|Any CPU
		{BFC14AAD-80C6-4D5A-9F25-010B31E2B96B}.Debug|Any CPU.ActiveCfg = Debug|Any CPU
		{BFC14AAD-80C6-4D5A-9F25-010B31E2B96B}.Debug|Any CPU.Build.0 = Debug|Any CPU
		{BFC14AAD-80C6-4D5A-9F25-010B31E2B96B}.Release|Any CPU.ActiveCfg = Release|Any CPU
		{BFC14AAD-80C6-4D5A-9F25-010B31E2B96B}.Release|Any CPU.Build.0 = Release|Any CPU
	EndGlobalSection
	GlobalSection(SolutionProperties) = preSolution
		HideSolutionNode = FALSE
	EndGlobalSection
	GlobalSection(ExtensibilityGlobals) = postSolution
		SolutionGuid = {ADDCF101-E4C7-4A5E-849A-CE3056A72B5D}
	EndGlobalSection
EndGlobal
